// !$*UTF8*$!
{
	archiveVersion = 1;
	classes = {
	};
	objectVersion = 46;
	objects = {

/* Begin PBXBuildFile section */
		2C13B7A7199A6FBA00A99CDE /* Foundation.framework in Frameworks */ = {isa = PBXBuildFile; fileRef = 2C13B7A6199A6FBA00A99CDE /* Foundation.framework */; };
		2C13B7A9199A6FBA00A99CDE /* CoreGraphics.framework in Frameworks */ = {isa = PBXBuildFile; fileRef = 2C13B7A8199A6FBA00A99CDE /* CoreGraphics.framework */; };
		2C13B7AB199A6FBA00A99CDE /* UIKit.framework in Frameworks */ = {isa = PBXBuildFile; fileRef = 2C13B7AA199A6FBA00A99CDE /* UIKit.framework */; };
		2C13B7AD199A6FBA00A99CDE /* CoreData.framework in Frameworks */ = {isa = PBXBuildFile; fileRef = 2C13B7AC199A6FBA00A99CDE /* CoreData.framework */; };
		2C13B7B3199A6FBA00A99CDE /* InfoPlist.strings in Resources */ = {isa = PBXBuildFile; fileRef = 2C13B7B1199A6FBA00A99CDE /* InfoPlist.strings */; };
		2C13B7B5199A6FBA00A99CDE /* main.m in Sources */ = {isa = PBXBuildFile; fileRef = 2C13B7B4199A6FBA00A99CDE /* main.m */; };
		2C13B7B9199A6FBA00A99CDE /* AppDelegate.m in Sources */ = {isa = PBXBuildFile; fileRef = 2C13B7B8199A6FBA00A99CDE /* AppDelegate.m */; };
		2C13B7BC199A6FBA00A99CDE /* Main.storyboard in Resources */ = {isa = PBXBuildFile; fileRef = 2C13B7BA199A6FBA00A99CDE /* Main.storyboard */; };
		2C13B7BF199A6FBA00A99CDE /* TroyStory4.xcdatamodeld in Sources */ = {isa = PBXBuildFile; fileRef = 2C13B7BD199A6FBA00A99CDE /* TroyStory4.xcdatamodeld */; };
		2C13B7C2199A6FBA00A99CDE /* MasterViewController.m in Sources */ = {isa = PBXBuildFile; fileRef = 2C13B7C1199A6FBA00A99CDE /* MasterViewController.m */; };
		2C13B7C5199A6FBA00A99CDE /* DetailViewController.m in Sources */ = {isa = PBXBuildFile; fileRef = 2C13B7C4199A6FBA00A99CDE /* DetailViewController.m */; };
		2C13B7C7199A6FBA00A99CDE /* Images.xcassets in Resources */ = {isa = PBXBuildFile; fileRef = 2C13B7C6199A6FBA00A99CDE /* Images.xcassets */; };
		2C13B7CE199A6FBB00A99CDE /* XCTest.framework in Frameworks */ = {isa = PBXBuildFile; fileRef = 2C13B7CD199A6FBB00A99CDE /* XCTest.framework */; };
		2C13B7CF199A6FBB00A99CDE /* Foundation.framework in Frameworks */ = {isa = PBXBuildFile; fileRef = 2C13B7A6199A6FBA00A99CDE /* Foundation.framework */; };
		2C13B7D0199A6FBB00A99CDE /* UIKit.framework in Frameworks */ = {isa = PBXBuildFile; fileRef = 2C13B7AA199A6FBA00A99CDE /* UIKit.framework */; };
		2C13B7D1199A6FBB00A99CDE /* CoreData.framework in Frameworks */ = {isa = PBXBuildFile; fileRef = 2C13B7AC199A6FBA00A99CDE /* CoreData.framework */; };
		2C13B7D9199A6FBB00A99CDE /* InfoPlist.strings in Resources */ = {isa = PBXBuildFile; fileRef = 2C13B7D7199A6FBB00A99CDE /* InfoPlist.strings */; };
		2C13B7DB199A6FBB00A99CDE /* TroyStory4Tests.m in Sources */ = {isa = PBXBuildFile; fileRef = 2C13B7DA199A6FBB00A99CDE /* TroyStory4Tests.m */; };
		2C13B7E9199A78D600A99CDE /* Trojan.m in Sources */ = {isa = PBXBuildFile; fileRef = 2C13B7E8199A78D600A99CDE /* Trojan.m */; };
/* End PBXBuildFile section */

/* Begin PBXContainerItemProxy section */
		2C13B7D2199A6FBB00A99CDE /* PBXContainerItemProxy */ = {
			isa = PBXContainerItemProxy;
			containerPortal = 2C13B79B199A6FBA00A99CDE /* Project object */;
			proxyType = 1;
			remoteGlobalIDString = 2C13B7A2199A6FBA00A99CDE;
			remoteInfo = TroyStory4;
		};
/* End PBXContainerItemProxy section */

/* Begin PBXFileReference section */
		2C13B7A3199A6FBA00A99CDE /* TroyStory4.app */ = {isa = PBXFileReference; explicitFileType = wrapper.application; includeInIndex = 0; path = TroyStory4.app; sourceTree = BUILT_PRODUCTS_DIR; };
		2C13B7A6199A6FBA00A99CDE /* Foundation.framework */ = {isa = PBXFileReference; lastKnownFileType = wrapper.framework; name = Foundation.framework; path = System/Library/Frameworks/Foundation.framework; sourceTree = SDKROOT; };
		2C13B7A8199A6FBA00A99CDE /* CoreGraphics.framework */ = {isa = PBXFileReference; lastKnownFileType = wrapper.framework; name = CoreGraphics.framework; path = System/Library/Frameworks/CoreGraphics.framework; sourceTree = SDKROOT; };
		2C13B7AA199A6FBA00A99CDE /* UIKit.framework */ = {isa = PBXFileReference; lastKnownFileType = wrapper.framework; name = UIKit.framework; path = System/Library/Frameworks/UIKit.framework; sourceTree = SDKROOT; };
		2C13B7AC199A6FBA00A99CDE /* CoreData.framework */ = {isa = PBXFileReference; lastKnownFileType = wrapper.framework; name = CoreData.framework; path = System/Library/Frameworks/CoreData.framework; sourceTree = SDKROOT; };
		2C13B7B0199A6FBA00A99CDE /* TroyStory4-Info.plist */ = {isa = PBXFileReference; lastKnownFileType = text.plist.xml; path = "TroyStory4-Info.plist"; sourceTree = "<group>"; };
		2C13B7B2199A6FBA00A99CDE /* en */ = {isa = PBXFileReference; lastKnownFileType = text.plist.strings; name = en; path = en.lproj/InfoPlist.strings; sourceTree = "<group>"; };
		2C13B7B4199A6FBA00A99CDE /* main.m */ = {isa = PBXFileReference; lastKnownFileType = sourcecode.c.objc; path = main.m; sourceTree = "<group>"; };
		2C13B7B6199A6FBA00A99CDE /* TroyStory4-Prefix.pch */ = {isa = PBXFileReference; lastKnownFileType = sourcecode.c.h; path = "TroyStory4-Prefix.pch"; sourceTree = "<group>"; };
		2C13B7B7199A6FBA00A99CDE /* AppDelegate.h */ = {isa = PBXFileReference; lastKnownFileType = sourcecode.c.h; path = AppDelegate.h; sourceTree = "<group>"; };
		2C13B7B8199A6FBA00A99CDE /* AppDelegate.m */ = {isa = PBXFileReference; lastKnownFileType = sourcecode.c.objc; path = AppDelegate.m; sourceTree = "<group>"; };
		2C13B7BB199A6FBA00A99CDE /* Base */ = {isa = PBXFileReference; lastKnownFileType = file.storyboard; name = Base; path = Base.lproj/Main.storyboard; sourceTree = "<group>"; };
		2C13B7BE199A6FBA00A99CDE /* TroyStory4.xcdatamodel */ = {isa = PBXFileReference; lastKnownFileType = wrapper.xcdatamodel; path = TroyStory4.xcdatamodel; sourceTree = "<group>"; };
		2C13B7C0199A6FBA00A99CDE /* MasterViewController.h */ = {isa = PBXFileReference; lastKnownFileType = sourcecode.c.h; path = MasterViewController.h; sourceTree = "<group>"; };
		2C13B7C1199A6FBA00A99CDE /* MasterViewController.m */ = {isa = PBXFileReference; lastKnownFileType = sourcecode.c.objc; path = MasterViewController.m; sourceTree = "<group>"; };
		2C13B7C3199A6FBA00A99CDE /* DetailViewController.h */ = {isa = PBXFileReference; lastKnownFileType = sourcecode.c.h; path = DetailViewController.h; sourceTree = "<group>"; };
		2C13B7C4199A6FBA00A99CDE /* DetailViewController.m */ = {isa = PBXFileReference; lastKnownFileType = sourcecode.c.objc; path = DetailViewController.m; sourceTree = "<group>"; };
		2C13B7C6199A6FBA00A99CDE /* Images.xcassets */ = {isa = PBXFileReference; lastKnownFileType = folder.assetcatalog; path = Images.xcassets; sourceTree = "<group>"; };
		2C13B7CC199A6FBB00A99CDE /* TroyStory4Tests.xctest */ = {isa = PBXFileReference; explicitFileType = wrapper.cfbundle; includeInIndex = 0; path = TroyStory4Tests.xctest; sourceTree = BUILT_PRODUCTS_DIR; };
		2C13B7CD199A6FBB00A99CDE /* XCTest.framework */ = {isa = PBXFileReference; lastKnownFileType = wrapper.framework; name = XCTest.framework; path = Library/Frameworks/XCTest.framework; sourceTree = DEVELOPER_DIR; };
		2C13B7D6199A6FBB00A99CDE /* TroyStory4Tests-Info.plist */ = {isa = PBXFileReference; lastKnownFileType = text.plist.xml; path = "TroyStory4Tests-Info.plist"; sourceTree = "<group>"; };
		2C13B7D8199A6FBB00A99CDE /* en */ = {isa = PBXFileReference; lastKnownFileType = text.plist.strings; name = en; path = en.lproj/InfoPlist.strings; sourceTree = "<group>"; };
		2C13B7DA199A6FBB00A99CDE /* TroyStory4Tests.m */ = {isa = PBXFileReference; lastKnownFileType = sourcecode.c.objc; path = TroyStory4Tests.m; sourceTree = "<group>"; };
		2C13B7E7199A78D600A99CDE /* Trojan.h */ = {isa = PBXFileReference; fileEncoding = 4; lastKnownFileType = sourcecode.c.h; path = Trojan.h; sourceTree = "<group>"; };
		2C13B7E8199A78D600A99CDE /* Trojan.m */ = {isa = PBXFileReference; fileEncoding = 4; lastKnownFileType = sourcecode.c.objc; path = Trojan.m; sourceTree = "<group>"; };
/* End PBXFileReference section */

/* Begin PBXFrameworksBuildPhase section */
		2C13B7A0199A6FBA00A99CDE /* Frameworks */ = {
			isa = PBXFrameworksBuildPhase;
			buildActionMask = 2147483647;
			files = (
				2C13B7A9199A6FBA00A99CDE /* CoreGraphics.framework in Frameworks */,
				2C13B7AD199A6FBA00A99CDE /* CoreData.framework in Frameworks */,
				2C13B7AB199A6FBA00A99CDE /* UIKit.framework in Frameworks */,
				2C13B7A7199A6FBA00A99CDE /* Foundation.framework in Frameworks */,
			);
			runOnlyForDeploymentPostprocessing = 0;
		};
		2C13B7C9199A6FBB00A99CDE /* Frameworks */ = {
			isa = PBXFrameworksBuildPhase;
			buildActionMask = 2147483647;
			files = (
				2C13B7CE199A6FBB00A99CDE /* XCTest.framework in Frameworks */,
				2C13B7D1199A6FBB00A99CDE /* CoreData.framework in Frameworks */,
				2C13B7D0199A6FBB00A99CDE /* UIKit.framework in Frameworks */,
				2C13B7CF199A6FBB00A99CDE /* Foundation.framework in Frameworks */,
			);
			runOnlyForDeploymentPostprocessing = 0;
		};
/* End PBXFrameworksBuildPhase section */

/* Begin PBXGroup section */
		2C13B79A199A6FBA00A99CDE = {
			isa = PBXGroup;
			children = (
				2C13B7AE199A6FBA00A99CDE /* TroyStory4 */,
				2C13B7D4199A6FBB00A99CDE /* TroyStory4Tests */,
				2C13B7A5199A6FBA00A99CDE /* Frameworks */,
				2C13B7A4199A6FBA00A99CDE /* Products */,
			);
			sourceTree = "<group>";
		};
		2C13B7A4199A6FBA00A99CDE /* Products */ = {
			isa = PBXGroup;
			children = (
				2C13B7A3199A6FBA00A99CDE /* TroyStory4.app */,
				2C13B7CC199A6FBB00A99CDE /* TroyStory4Tests.xctest */,
			);
			name = Products;
			sourceTree = "<group>";
		};
		2C13B7A5199A6FBA00A99CDE /* Frameworks */ = {
			isa = PBXGroup;
			children = (
				2C13B7A6199A6FBA00A99CDE /* Foundation.framework */,
				2C13B7A8199A6FBA00A99CDE /* CoreGraphics.framework */,
				2C13B7AA199A6FBA00A99CDE /* UIKit.framework */,
				2C13B7AC199A6FBA00A99CDE /* CoreData.framework */,
				2C13B7CD199A6FBB00A99CDE /* XCTest.framework */,
			);
			name = Frameworks;
			sourceTree = "<group>";
		};
		2C13B7AE199A6FBA00A99CDE /* TroyStory4 */ = {
			isa = PBXGroup;
			children = (
				2C13B7B7199A6FBA00A99CDE /* AppDelegate.h */,
				2C13B7B8199A6FBA00A99CDE /* AppDelegate.m */,
				2C13B7BA199A6FBA00A99CDE /* Main.storyboard */,
				2C13B7C0199A6FBA00A99CDE /* MasterViewController.h */,
				2C13B7C1199A6FBA00A99CDE /* MasterViewController.m */,
				2C13B7C3199A6FBA00A99CDE /* DetailViewController.h */,
				2C13B7C4199A6FBA00A99CDE /* DetailViewController.m */,
				2C13B7C6199A6FBA00A99CDE /* Images.xcassets */,
				2C13B7BD199A6FBA00A99CDE /* TroyStory4.xcdatamodeld */,
				2C13B7E7199A78D600A99CDE /* Trojan.h */,
				2C13B7E8199A78D600A99CDE /* Trojan.m */,
				2C13B7AF199A6FBA00A99CDE /* Supporting Files */,
			);
			path = TroyStory4;
			sourceTree = "<group>";
		};
		2C13B7AF199A6FBA00A99CDE /* Supporting Files */ = {
			isa = PBXGroup;
			children = (
				2C13B7B0199A6FBA00A99CDE /* TroyStory4-Info.plist */,
				2C13B7B1199A6FBA00A99CDE /* InfoPlist.strings */,
				2C13B7B4199A6FBA00A99CDE /* main.m */,
				2C13B7B6199A6FBA00A99CDE /* TroyStory4-Prefix.pch */,
			);
			name = "Supporting Files";
			sourceTree = "<group>";
		};
		2C13B7D4199A6FBB00A99CDE /* TroyStory4Tests */ = {
			isa = PBXGroup;
			children = (
				2C13B7DA199A6FBB00A99CDE /* TroyStory4Tests.m */,
				2C13B7D5199A6FBB00A99CDE /* Supporting Files */,
			);
			path = TroyStory4Tests;
			sourceTree = "<group>";
		};
		2C13B7D5199A6FBB00A99CDE /* Supporting Files */ = {
			isa = PBXGroup;
			children = (
				2C13B7D6199A6FBB00A99CDE /* TroyStory4Tests-Info.plist */,
				2C13B7D7199A6FBB00A99CDE /* InfoPlist.strings */,
			);
			name = "Supporting Files";
			sourceTree = "<group>";
		};
/* End PBXGroup section */

/* Begin PBXNativeTarget section */
		2C13B7A2199A6FBA00A99CDE /* TroyStory4 */ = {
			isa = PBXNativeTarget;
			buildConfigurationList = 2C13B7DE199A6FBB00A99CDE /* Build configuration list for PBXNativeTarget "TroyStory4" */;
			buildPhases = (
				2C13B79F199A6FBA00A99CDE /* Sources */,
				2C13B7A0199A6FBA00A99CDE /* Frameworks */,
				2C13B7A1199A6FBA00A99CDE /* Resources */,
			);
			buildRules = (
			);
			dependencies = (
			);
			name = TroyStory4;
			productName = TroyStory4;
			productReference = 2C13B7A3199A6FBA00A99CDE /* TroyStory4.app */;
			productType = "com.apple.product-type.application";
		};
		2C13B7CB199A6FBB00A99CDE /* TroyStory4Tests */ = {
			isa = PBXNativeTarget;
			buildConfigurationList = 2C13B7E1199A6FBB00A99CDE /* Build configuration list for PBXNativeTarget "TroyStory4Tests" */;
			buildPhases = (
				2C13B7C8199A6FBB00A99CDE /* Sources */,
				2C13B7C9199A6FBB00A99CDE /* Frameworks */,
				2C13B7CA199A6FBB00A99CDE /* Resources */,
			);
			buildRules = (
			);
			dependencies = (
				2C13B7D3199A6FBB00A99CDE /* PBXTargetDependency */,
			);
			name = TroyStory4Tests;
			productName = TroyStory4Tests;
			productReference = 2C13B7CC199A6FBB00A99CDE /* TroyStory4Tests.xctest */;
			productType = "com.apple.product-type.bundle.unit-test";
		};
/* End PBXNativeTarget section */

/* Begin PBXProject section */
		2C13B79B199A6FBA00A99CDE /* Project object */ = {
			isa = PBXProject;
			attributes = {
				LastUpgradeCheck = 0510;
				ORGANIZATIONNAME = "Mobile Makers";
				TargetAttributes = {
					2C13B7CB199A6FBB00A99CDE = {
						TestTargetID = 2C13B7A2199A6FBA00A99CDE;
					};
				};
			};
			buildConfigurationList = 2C13B79E199A6FBA00A99CDE /* Build configuration list for PBXProject "TroyStory4" */;
			compatibilityVersion = "Xcode 3.2";
			developmentRegion = English;
			hasScannedForEncodings = 0;
			knownRegions = (
				en,
				Base,
			);
			mainGroup = 2C13B79A199A6FBA00A99CDE;
			productRefGroup = 2C13B7A4199A6FBA00A99CDE /* Products */;
			projectDirPath = "";
			projectRoot = "";
			targets = (
				2C13B7A2199A6FBA00A99CDE /* TroyStory4 */,
				2C13B7CB199A6FBB00A99CDE /* TroyStory4Tests */,
			);
		};
/* End PBXProject section */

/* Begin PBXResourcesBuildPhase section */
		2C13B7A1199A6FBA00A99CDE /* Resources */ = {
			isa = PBXResourcesBuildPhase;
			buildActionMask = 2147483647;
			files = (
				2C13B7C7199A6FBA00A99CDE /* Images.xcassets in Resources */,
				2C13B7B3199A6FBA00A99CDE /* InfoPlist.strings in Resources */,
				2C13B7BC199A6FBA00A99CDE /* Main.storyboard in Resources */,
			);
			runOnlyForDeploymentPostprocessing = 0;
		};
		2C13B7CA199A6FBB00A99CDE /* Resources */ = {
			isa = PBXResourcesBuildPhase;
			buildActionMask = 2147483647;
			files = (
				2C13B7D9199A6FBB00A99CDE /* InfoPlist.strings in Resources */,
			);
			runOnlyForDeploymentPostprocessing = 0;
		};
/* End PBXResourcesBuildPhase section */

/* Begin PBXSourcesBuildPhase section */
		2C13B79F199A6FBA00A99CDE /* Sources */ = {
			isa = PBXSourcesBuildPhase;
			buildActionMask = 2147483647;
			files = (
				2C13B7C5199A6FBA00A99CDE /* DetailViewController.m in Sources */,
				2C13B7E9199A78D600A99CDE /* Trojan.m in Sources */,
				2C13B7C2199A6FBA00A99CDE /* MasterViewController.m in Sources */,
				2C13B7BF199A6FBA00A99CDE /* TroyStory4.xcdatamodeld in Sources */,
				2C13B7B9199A6FBA00A99CDE /* AppDelegate.m in Sources */,
				2C13B7B5199A6FBA00A99CDE /* main.m in Sources */,
			);
			runOnlyForDeploymentPostprocessing = 0;
		};
		2C13B7C8199A6FBB00A99CDE /* Sources */ = {
			isa = PBXSourcesBuildPhase;
			buildActionMask = 2147483647;
			files = (
				2C13B7DB199A6FBB00A99CDE /* TroyStory4Tests.m in Sources */,
			);
			runOnlyForDeploymentPostprocessing = 0;
		};
/* End PBXSourcesBuildPhase section */

/* Begin PBXTargetDependency section */
		2C13B7D3199A6FBB00A99CDE /* PBXTargetDependency */ = {
			isa = PBXTargetDependency;
			target = 2C13B7A2199A6FBA00A99CDE /* TroyStory4 */;
			targetProxy = 2C13B7D2199A6FBB00A99CDE /* PBXContainerItemProxy */;
		};
/* End PBXTargetDependency section */

/* Begin PBXVariantGroup section */
		2C13B7B1199A6FBA00A99CDE /* InfoPlist.strings */ = {
			isa = PBXVariantGroup;
			children = (
				2C13B7B2199A6FBA00A99CDE /* en */,
			);
			name = InfoPlist.strings;
			sourceTree = "<group>";
		};
		2C13B7BA199A6FBA00A99CDE /* Main.storyboard */ = {
			isa = PBXVariantGroup;
			children = (
				2C13B7BB199A6FBA00A99CDE /* Base */,
			);
			name = Main.storyboard;
			sourceTree = "<group>";
		};
		2C13B7D7199A6FBB00A99CDE /* InfoPlist.strings */ = {
			isa = PBXVariantGroup;
			children = (
				2C13B7D8199A6FBB00A99CDE /* en */,
			);
			name = InfoPlist.strings;
			sourceTree = "<group>";
		};
/* End PBXVariantGroup section */

/* Begin XCBuildConfiguration section */
		2C13B7DC199A6FBB00A99CDE /* Debug */ = {
			isa = XCBuildConfiguration;
			buildSettings = {
				ALWAYS_SEARCH_USER_PATHS = NO;
				CLANG_CXX_LANGUAGE_STANDARD = "gnu++0x";
				CLANG_CXX_LIBRARY = "libc++";
				CLANG_ENABLE_MODULES = YES;
				CLANG_ENABLE_OBJC_ARC = YES;
				CLANG_WARN_BOOL_CONVERSION = YES;
				CLANG_WARN_CONSTANT_CONVERSION = YES;
				CLANG_WARN_DIRECT_OBJC_ISA_USAGE = YES_ERROR;
				CLANG_WARN_EMPTY_BODY = YES;
				CLANG_WARN_ENUM_CONVERSION = YES;
				CLANG_WARN_INT_CONVERSION = YES;
				CLANG_WARN_OBJC_ROOT_CLASS = YES_ERROR;
				CLANG_WARN__DUPLICATE_METHOD_MATCH = YES;
				"CODE_SIGN_IDENTITY[sdk=iphoneos*]" = "iPhone Developer";
				COPY_PHASE_STRIP = NO;
				GCC_C_LANGUAGE_STANDARD = gnu99;
				GCC_DYNAMIC_NO_PIC = NO;
				GCC_OPTIMIZATION_LEVEL = 0;
				GCC_PREPROCESSOR_DEFINITIONS = (
					"DEBUG=1",
					"$(inherited)",
				);
				GCC_SYMBOLS_PRIVATE_EXTERN = NO;
				GCC_WARN_64_TO_32_BIT_CONVERSION = YES;
				GCC_WARN_ABOUT_RETURN_TYPE = YES_ERROR;
				GCC_WARN_UNDECLARED_SELECTOR = YES;
				GCC_WARN_UNINITIALIZED_AUTOS = YES_AGGRESSIVE;
				GCC_WARN_UNUSED_FUNCTION = YES;
				GCC_WARN_UNUSED_VARIABLE = YES;
				IPHONEOS_DEPLOYMENT_TARGET = 7.1;
				ONLY_ACTIVE_ARCH = YES;
				SDKROOT = iphoneos;
			};
			name = Debug;
		};
		2C13B7DD199A6FBB00A99CDE /* Release */ = {
			isa = XCBuildConfiguration;
			buildSettings = {
				ALWAYS_SEARCH_USER_PATHS = NO;
				CLANG_CXX_LANGUAGE_STANDARD = "gnu++0x";
				CLANG_CXX_LIBRARY = "libc++";
				CLANG_ENABLE_MODULES = YES;
				CLANG_ENABLE_OBJC_ARC = YES;
				CLANG_WARN_BOOL_CONVERSION = YES;
				CLANG_WARN_CONSTANT_CONVERSION = YES;
				CLANG_WARN_DIRECT_OBJC_ISA_USAGE = YES_ERROR;
				CLANG_WARN_EMPTY_BODY = YES;
				CLANG_WARN_ENUM_CONVERSION = YES;
				CLANG_WARN_INT_CONVERSION = YES;
				CLANG_WARN_OBJC_ROOT_CLASS = YES_ERROR;
				CLANG_WARN__DUPLICATE_METHOD_MATCH = YES;
				"CODE_SIGN_IDENTITY[sdk=iphoneos*]" = "iPhone Developer";
				COPY_PHASE_STRIP = YES;
				ENABLE_NS_ASSERTIONS = NO;
				GCC_C_LANGUAGE_STANDARD = gnu99;
				GCC_WARN_64_TO_32_BIT_CONVERSION = YES;
				GCC_WARN_ABOUT_RETURN_TYPE = YES_ERROR;
				GCC_WARN_UNDECLARED_SELECTOR = YES;
				GCC_WARN_UNINITIALIZED_AUTOS = YES_AGGRESSIVE;
				GCC_WARN_UNUSED_FUNCTION = YES;
				GCC_WARN_UNUSED_VARIABLE = YES;
				IPHONEOS_DEPLOYMENT_TARGET = 7.1;
				SDKROOT = iphoneos;
				VALIDATE_PRODUCT = YES;
			};
			name = Release;
		};
		2C13B7DF199A6FBB00A99CDE /* Debug */ = {
			isa = XCBuildConfiguration;
			buildSettings = {
				ASSETCATALOG_COMPILER_APPICON_NAME = AppIcon;
				ASSETCATALOG_COMPILER_LAUNCHIMAGE_NAME = LaunchImage;
				GCC_PRECOMPILE_PREFIX_HEADER = YES;
				GCC_PREFIX_HEADER = "TroyStory4/TroyStory4-Prefix.pch";
				INFOPLIST_FILE = "TroyStory4/TroyStory4-Info.plist";
				PRODUCT_NAME = "$(TARGET_NAME)";
				WRAPPER_EXTENSION = app;
			};
			name = Debug;
		};
		2C13B7E0199A6FBB00A99CDE /* Release */ = {
			isa = XCBuildConfiguration;
			buildSettings = {
				ASSETCATALOG_COMPILER_APPICON_NAME = AppIcon;
				ASSETCATALOG_COMPILER_LAUNCHIMAGE_NAME = LaunchImage;
				GCC_PRECOMPILE_PREFIX_HEADER = YES;
				GCC_PREFIX_HEADER = "TroyStory4/TroyStory4-Prefix.pch";
				INFOPLIST_FILE = "TroyStory4/TroyStory4-Info.plist";
				PRODUCT_NAME = "$(TARGET_NAME)";
				WRAPPER_EXTENSION = app;
			};
			name = Release;
		};
		2C13B7E2199A6FBB00A99CDE /* Debug */ = {
			isa = XCBuildConfiguration;
			buildSettings = {
				BUNDLE_LOADER = "$(BUILT_PRODUCTS_DIR)/TroyStory4.app/TroyStory4";
				FRAMEWORK_SEARCH_PATHS = (
					"$(SDKROOT)/Developer/Library/Frameworks",
					"$(inherited)",
					"$(DEVELOPER_FRAMEWORKS_DIR)",
				);
				GCC_PRECOMPILE_PREFIX_HEADER = YES;
				GCC_PREFIX_HEADER = "TroyStory4/TroyStory4-Prefix.pch";
				GCC_PREPROCESSOR_DEFINITIONS = (
					"DEBUG=1",
					"$(inherited)",
				);
				INFOPLIST_FILE = "TroyStory4Tests/TroyStory4Tests-Info.plist";
				PRODUCT_NAME = "$(TARGET_NAME)";
				TEST_HOST = "$(BUNDLE_LOADER)";
				WRAPPER_EXTENSION = xctest;
			};
			name = Debug;
		};
		2C13B7E3199A6FBB00A99CDE /* Release */ = {
			isa = XCBuildConfiguration;
			buildSettings = {
				BUNDLE_LOADER = "$(BUILT_PRODUCTS_DIR)/TroyStory4.app/TroyStory4";
				FRAMEWORK_SEARCH_PATHS = (
					"$(SDKROOT)/Developer/Library/Frameworks",
					"$(inherited)",
					"$(DEVELOPER_FRAMEWORKS_DIR)",
				);
				GCC_PRECOMPILE_PREFIX_HEADER = YES;
				GCC_PREFIX_HEADER = "TroyStory4/TroyStory4-Prefix.pch";
				INFOPLIST_FILE = "TroyStory4Tests/TroyStory4Tests-Info.plist";
				PRODUCT_NAME = "$(TARGET_NAME)";
				TEST_HOST = "$(BUNDLE_LOADER)";
				WRAPPER_EXTENSION = xctest;
			};
			name = Release;
		};
/* End XCBuildConfiguration section */

/* Begin XCConfigurationList section */
		2C13B79E199A6FBA00A99CDE /* Build configuration list for PBXProject "TroyStory4" */ = {
			isa = XCConfigurationList;
			buildConfigurations = (
				2C13B7DC199A6FBB00A99CDE /* Debug */,
				2C13B7DD199A6FBB00A99CDE /* Release */,
			);
			defaultConfigurationIsVisible = 0;
			defaultConfigurationName = Release;
		};
		2C13B7DE199A6FBB00A99CDE /* Build configuration list for PBXNativeTarget "TroyStory4" */ = {
			isa = XCConfigurationList;
			buildConfigurations = (
				2C13B7DF199A6FBB00A99CDE /* Debug */,
				2C13B7E0199A6FBB00A99CDE /* Release */,
			);
			defaultConfigurationIsVisible = 0;
		};
		2C13B7E1199A6FBB00A99CDE /* Build configuration list for PBXNativeTarget "TroyStory4Tests" */ = {
			isa = XCConfigurationList;
			buildConfigurations = (
				2C13B7E2199A6FBB00A99CDE /* Debug */,
				2C13B7E3199A6FBB00A99CDE /* Release */,
			);
			defaultConfigurationIsVisible = 0;
		};
/* End XCConfigurationList section */

/* Begin XCVersionGroup section */
		2C13B7BD199A6FBA00A99CDE /* TroyStory4.xcdatamodeld */ = {
			isa = XCVersionGroup;
			children = (
				2C13B7BE199A6FBA00A99CDE /* TroyStory4.xcdatamodel */,
			);
			currentVersion = 2C13B7BE199A6FBA00A99CDE /* TroyStory4.xcdatamodel */;
			path = TroyStory4.xcdatamodeld;
			sourceTree = "<group>";
			versionGroupType = wrapper.xcdatamodel;
		};
/* End XCVersionGroup section */
	};
	rootObject = 2C13B79B199A6FBA00A99CDE /* Project object */;
}
